
Microsoft Visual Studio Solution File, Format Version 12.00
# Visual Studio Version 16
VisualStudioVersion = 16.0.28809.33
MinimumVisualStudioVersion = 10.0.40219.1
Project("{FAE04EC0-301F-11D3-BF4B-00C04F79EFBC}") = "Module1Lab", "Module1Lab\Module1Lab.csproj", "{CEBC4C21-166C-42B6-B384-C0A513527D8F}"
EndProject
Global
	GlobalSection(SolutionConfigurationPlatforms) = preSolution
		Debug|Any CPU = Debug|Any CPU
		Release|Any CPU = Release|Any CPU
	EndGlobalSection
	GlobalSection(ProjectConfigurationPlatforms) = postSolution
		{CEBC4C21-166C-42B6-B384-C0A513527D8F}.Debug|Any CPU.ActiveCfg = Debug|Any CPU
		{CEBC4C21-166C-42B6-B384-C0A513527D8F}.Debug|Any CPU.Build.0 = Debug|Any CPU
		{CEBC4C21-166C-42B6-B384-C0A513527D8F}.Release|Any CPU.ActiveCfg = Release|Any CPU
		{CEBC4C21-166C-42B6-B384-C0A513527D8F}.Release|Any CPU.Build.0 = Release|Any CPU
	EndGlobalSection
	GlobalSection(SolutionProperties) = preSolution
		HideSolutionNode = FALSE
	EndGlobalSection
	GlobalSection(ExtensibilityGlobals) = postSolution
		SolutionGuid = {13F58F15-4646-443F-B10E-C9DBBD6F4F71}
	EndGlobalSection
EndGlobal
