
Microsoft Visual Studio Solution File, Format Version 12.00
# Visual Studio 15
VisualStudioVersion = 15.0.28307.168
MinimumVisualStudioVersion = 10.0.40219.1
Project("{FAE04EC0-301F-11D3-BF4B-00C04F79EFBC}") = "IfStatements", "IfStatements\IfStatements.csproj", "{DC3AD6BB-DB46-480A-A858-14AF37C18A34}"
EndProject
Global
	GlobalSection(SolutionConfigurationPlatforms) = preSolution
		Debug|Any CPU = Debug|Any CPU
		Release|Any CPU = Release|Any CPU
	EndGlobalSection
	GlobalSection(ProjectConfigurationPlatforms) = postSolution
		{DC3AD6BB-DB46-480A-A858-14AF37C18A34}.Debug|Any CPU.ActiveCfg = Debug|Any CPU
		{DC3AD6BB-DB46-480A-A858-14AF37C18A34}.Debug|Any CPU.Build.0 = Debug|Any CPU
		{DC3AD6BB-DB46-480A-A858-14AF37C18A34}.Release|Any CPU.ActiveCfg = Release|Any CPU
		{DC3AD6BB-DB46-480A-A858-14AF37C18A34}.Release|Any CPU.Build.0 = Release|Any CPU
	EndGlobalSection
	GlobalSection(SolutionProperties) = preSolution
		HideSolutionNode = FALSE
	EndGlobalSection
	GlobalSection(ExtensibilityGlobals) = postSolution
		SolutionGuid = {06AFC946-A301-4D89-9464-B78B59631B53}
	EndGlobalSection
EndGlobal
