
Microsoft Visual Studio Solution File, Format Version 12.00
# Visual Studio 15
VisualStudioVersion = 15.0.28307.168
MinimumVisualStudioVersion = 10.0.40219.1
Project("{FAE04EC0-301F-11D3-BF4B-00C04F79EFBC}") = "ConsoleInput", "ConsoleInput\ConsoleInput.csproj", "{8B9E74FE-5D98-46E4-99AF-5BAC9511F148}"
EndProject
Global
	GlobalSection(SolutionConfigurationPlatforms) = preSolution
		Debug|Any CPU = Debug|Any CPU
		Release|Any CPU = Release|Any CPU
	EndGlobalSection
	GlobalSection(ProjectConfigurationPlatforms) = postSolution
		{8B9E74FE-5D98-46E4-99AF-5BAC9511F148}.Debug|Any CPU.ActiveCfg = Debug|Any CPU
		{8B9E74FE-5D98-46E4-99AF-5BAC9511F148}.Debug|Any CPU.Build.0 = Debug|Any CPU
		{8B9E74FE-5D98-46E4-99AF-5BAC9511F148}.Release|Any CPU.ActiveCfg = Release|Any CPU
		{8B9E74FE-5D98-46E4-99AF-5BAC9511F148}.Release|Any CPU.Build.0 = Release|Any CPU
	EndGlobalSection
	GlobalSection(SolutionProperties) = preSolution
		HideSolutionNode = FALSE
	EndGlobalSection
	GlobalSection(ExtensibilityGlobals) = postSolution
		SolutionGuid = {CB5B5823-6DAD-4D80-BE38-F20F0FC73E3E}
	EndGlobalSection
EndGlobal
