
Microsoft Visual Studio Solution File, Format Version 12.00
# Visual Studio Version 16
VisualStudioVersion = 16.0.28721.148
MinimumVisualStudioVersion = 10.0.40219.1
Project("{FAE04EC0-301F-11D3-BF4B-00C04F79EFBC}") = "BreakFeast", "BreakFeast\BreakFeast.csproj", "{8770E315-7E13-4517-BF87-60D8B85C7C48}"
EndProject
Global
	GlobalSection(SolutionConfigurationPlatforms) = preSolution
		Debug|Any CPU = Debug|Any CPU
		Release|Any CPU = Release|Any CPU
	EndGlobalSection
	GlobalSection(ProjectConfigurationPlatforms) = postSolution
		{8770E315-7E13-4517-BF87-60D8B85C7C48}.Debug|Any CPU.ActiveCfg = Debug|Any CPU
		{8770E315-7E13-4517-BF87-60D8B85C7C48}.Debug|Any CPU.Build.0 = Debug|Any CPU
		{8770E315-7E13-4517-BF87-60D8B85C7C48}.Release|Any CPU.ActiveCfg = Release|Any CPU
		{8770E315-7E13-4517-BF87-60D8B85C7C48}.Release|Any CPU.Build.0 = Release|Any CPU
	EndGlobalSection
	GlobalSection(SolutionProperties) = preSolution
		HideSolutionNode = FALSE
	EndGlobalSection
	GlobalSection(ExtensibilityGlobals) = postSolution
		SolutionGuid = {E58FB83E-93CB-4FC6-8006-E9A194F9609E}
	EndGlobalSection
EndGlobal
