
Microsoft Visual Studio Solution File, Format Version 12.00
# Visual Studio Version 16
VisualStudioVersion = 16.0.29009.5
MinimumVisualStudioVersion = 10.0.40219.1
Project("{FAE04EC0-301F-11D3-BF4B-00C04F79EFBC}") = "ElevCSV", "ElevCSV\ElevCSV.csproj", "{AEAB168B-98AE-4413-BF5B-AF5FBE997024}"
EndProject
Global
	GlobalSection(SolutionConfigurationPlatforms) = preSolution
		Debug|Any CPU = Debug|Any CPU
		Release|Any CPU = Release|Any CPU
	EndGlobalSection
	GlobalSection(ProjectConfigurationPlatforms) = postSolution
		{AEAB168B-98AE-4413-BF5B-AF5FBE997024}.Debug|Any CPU.ActiveCfg = Debug|Any CPU
		{AEAB168B-98AE-4413-BF5B-AF5FBE997024}.Debug|Any CPU.Build.0 = Debug|Any CPU
		{AEAB168B-98AE-4413-BF5B-AF5FBE997024}.Release|Any CPU.ActiveCfg = Release|Any CPU
		{AEAB168B-98AE-4413-BF5B-AF5FBE997024}.Release|Any CPU.Build.0 = Release|Any CPU
	EndGlobalSection
	GlobalSection(SolutionProperties) = preSolution
		HideSolutionNode = FALSE
	EndGlobalSection
	GlobalSection(ExtensibilityGlobals) = postSolution
		SolutionGuid = {E980D0F4-EAB2-42F8-8E4D-D34EEAA3C8E6}
	EndGlobalSection
EndGlobal
