
Microsoft Visual Studio Solution File, Format Version 12.00
# Visual Studio 15
VisualStudioVersion = 15.0.28307.136
MinimumVisualStudioVersion = 10.0.40219.1
Project("{FAE04EC0-301F-11D3-BF4B-00C04F79EFBC}") = "FoodPlaner", "FoodPlaner\FoodPlaner.csproj", "{DADD3226-4CF6-4DD0-929D-59DF706E08A6}"
EndProject
Global
	GlobalSection(SolutionConfigurationPlatforms) = preSolution
		Debug|Any CPU = Debug|Any CPU
		Release|Any CPU = Release|Any CPU
	EndGlobalSection
	GlobalSection(ProjectConfigurationPlatforms) = postSolution
		{DADD3226-4CF6-4DD0-929D-59DF706E08A6}.Debug|Any CPU.ActiveCfg = Debug|Any CPU
		{DADD3226-4CF6-4DD0-929D-59DF706E08A6}.Debug|Any CPU.Build.0 = Debug|Any CPU
		{DADD3226-4CF6-4DD0-929D-59DF706E08A6}.Release|Any CPU.ActiveCfg = Release|Any CPU
		{DADD3226-4CF6-4DD0-929D-59DF706E08A6}.Release|Any CPU.Build.0 = Release|Any CPU
	EndGlobalSection
	GlobalSection(SolutionProperties) = preSolution
		HideSolutionNode = FALSE
	EndGlobalSection
	GlobalSection(ExtensibilityGlobals) = postSolution
		SolutionGuid = {713A8790-4E23-4BA1-85A8-C967EEB6916F}
	EndGlobalSection
EndGlobal
